
Microsoft Visual Studio Solution File, Format Version 12.00
# Visual Studio Version 17
VisualStudioVersion = 17.5.33424.131
MinimumVisualStudioVersion = 10.0.40219.1
Project("{8BC9CEB8-8B4A-11D0-8D11-00A0C91BC942}") = "SFML", "SFML.vcxproj", "{49841A40-69FB-472C-BE02-A827C53FAEBD}"
EndProject
Global
	GlobalSection(SolutionConfigurationPlatforms) = preSolution
		Debug|x64 = Debug|x64
		Debug|x86 = Debug|x86
		Release|x64 = Release|x64
		Release|x86 = Release|x86
	EndGlobalSection
	GlobalSection(ProjectConfigurationPlatforms) = postSolution
		{49841A40-69FB-472C-BE02-A827C53FAEBD}.Debug|x64.ActiveCfg = Debug|x64
		{49841A40-69FB-472C-BE02-A827C53FAEBD}.Debug|x64.Build.0 = Debug|x64
		{49841A40-69FB-472C-BE02-A827C53FAEBD}.Debug|x86.ActiveCfg = Debug|Win32
		{49841A40-69FB-472C-BE02-A827C53FAEBD}.Debug|x86.Build.0 = Debug|Win32
		{49841A40-69FB-472C-BE02-A827C53FAEBD}.Release|x64.ActiveCfg = Release|x64
		{49841A40-69FB-472C-BE02-A827C53FAEBD}.Release|x64.Build.0 = Release|x64
		{49841A40-69FB-472C-BE02-A827C53FAEBD}.Release|x86.ActiveCfg = Release|Win32
		{49841A40-69FB-472C-BE02-A827C53FAEBD}.Release|x86.Build.0 = Release|Win32
	EndGlobalSection
	GlobalSection(SolutionProperties) = preSolution
		HideSolutionNode = FALSE
	EndGlobalSection
	GlobalSection(ExtensibilityGlobals) = postSolution
		SolutionGuid = {C19D78DA-E1ED-4042-B8D1-7501910E12FE}
	EndGlobalSection
EndGlobal
